
Microsoft Visual Studio Solution File, Format Version 12.00
# Visual Studio Version 17
VisualStudioVersion = 17.9.34701.34
MinimumVisualStudioVersion = 10.0.40219.1
Project("{FAE04EC0-301F-11D3-BF4B-00C04F79EFBC}") = "LeonardoAndrade_MAUIaplicacion", "LeonardoAndrade_MAUIaplicacion\LeonardoAndrade_MAUIaplicacion.csproj", "{EF8EAC06-3C58-44C3-9E2E-DE1D051FD9F9}"
EndProject
Global
	GlobalSection(SolutionConfigurationPlatforms) = preSolution
		Debug|Any CPU = Debug|Any CPU
		Release|Any CPU = Release|Any CPU
	EndGlobalSection
	GlobalSection(ProjectConfigurationPlatforms) = postSolution
		{EF8EAC06-3C58-44C3-9E2E-DE1D051FD9F9}.Debug|Any CPU.ActiveCfg = Debug|Any CPU
		{EF8EAC06-3C58-44C3-9E2E-DE1D051FD9F9}.Debug|Any CPU.Build.0 = Debug|Any CPU
		{EF8EAC06-3C58-44C3-9E2E-DE1D051FD9F9}.Debug|Any CPU.Deploy.0 = Debug|Any CPU
		{EF8EAC06-3C58-44C3-9E2E-DE1D051FD9F9}.Release|Any CPU.ActiveCfg = Release|Any CPU
		{EF8EAC06-3C58-44C3-9E2E-DE1D051FD9F9}.Release|Any CPU.Build.0 = Release|Any CPU
		{EF8EAC06-3C58-44C3-9E2E-DE1D051FD9F9}.Release|Any CPU.Deploy.0 = Release|Any CPU
	EndGlobalSection
	GlobalSection(SolutionProperties) = preSolution
		HideSolutionNode = FALSE
	EndGlobalSection
	GlobalSection(ExtensibilityGlobals) = postSolution
		SolutionGuid = {1E115549-6EFD-41EF-93B1-581B61A24020}
	EndGlobalSection
EndGlobal
